
Microsoft Visual Studio Solution File, Format Version 12.00
# Visual Studio Version 17
VisualStudioVersion = 17.7.34221.43
MinimumVisualStudioVersion = 10.0.40219.1
Project("{FAE04EC0-301F-11D3-BF4B-00C04F79EFBC}") = "Simple Hangman", "Simple Hangman\Simple Hangman.csproj", "{11130492-64D5-40D4-9F04-D834195F2A2C}"
EndProject
Global
	GlobalSection(SolutionConfigurationPlatforms) = preSolution
		Debug|Any CPU = Debug|Any CPU
		Release|Any CPU = Release|Any CPU
	EndGlobalSection
	GlobalSection(ProjectConfigurationPlatforms) = postSolution
		{11130492-64D5-40D4-9F04-D834195F2A2C}.Debug|Any CPU.ActiveCfg = Debug|Any CPU
		{11130492-64D5-40D4-9F04-D834195F2A2C}.Debug|Any CPU.Build.0 = Debug|Any CPU
		{11130492-64D5-40D4-9F04-D834195F2A2C}.Release|Any CPU.ActiveCfg = Release|Any CPU
		{11130492-64D5-40D4-9F04-D834195F2A2C}.Release|Any CPU.Build.0 = Release|Any CPU
	EndGlobalSection
	GlobalSection(SolutionProperties) = preSolution
		HideSolutionNode = FALSE
	EndGlobalSection
	GlobalSection(ExtensibilityGlobals) = postSolution
		SolutionGuid = {8EE524DF-09F1-4A24-B5F8-3C99941D3A62}
	EndGlobalSection
EndGlobal
